// !$*UTF8*$!
{
	archiveVersion = 1;
	classes = {
	};
	objectVersion = 46;
	objects = {

/* Begin PBXBuildFile section */
		27FF364D1DA332C80009F989 /* AppDelegate.swift in Sources */ = {isa = PBXBuildFile; fileRef = 27FF364C1DA332C80009F989 /* AppDelegate.swift */; };
		27FF364F1DA332C80009F989 /* ViewController.swift in Sources */ = {isa = PBXBuildFile; fileRef = 27FF364E1DA332C80009F989 /* ViewController.swift */; };
		27FF36521DA332C80009F989 /* Main.storyboard in Resources */ = {isa = PBXBuildFile; fileRef = 27FF36501DA332C80009F989 /* Main.storyboard */; };
		27FF36541DA332C80009F989 /* Assets.xcassets in Resources */ = {isa = PBXBuildFile; fileRef = 27FF36531DA332C80009F989 /* Assets.xcassets */; };
		27FF36571DA332C80009F989 /* LaunchScreen.storyboard in Resources */ = {isa = PBXBuildFile; fileRef = 27FF36551DA332C80009F989 /* LaunchScreen.storyboard */; };
		27FF365F1DA3345F0009F989 /* NetworkController.swift in Sources */ = {isa = PBXBuildFile; fileRef = 27FF365E1DA3345F0009F989 /* NetworkController.swift */; };
		27FF36611DA33AD90009F989 /* Post.swift in Sources */ = {isa = PBXBuildFile; fileRef = 27FF36601DA33AD90009F989 /* Post.swift */; };
		27FF36631DA33C9B0009F989 /* PostController.swift in Sources */ = {isa = PBXBuildFile; fileRef = 27FF36621DA33C9B0009F989 /* PostController.swift */; };
/* End PBXBuildFile section */

/* Begin PBXFileReference section */
		27FF36491DA332C80009F989 /* Networking.app */ = {isa = PBXFileReference; explicitFileType = wrapper.application; includeInIndex = 0; path = Networking.app; sourceTree = BUILT_PRODUCTS_DIR; };
		27FF364C1DA332C80009F989 /* AppDelegate.swift */ = {isa = PBXFileReference; lastKnownFileType = sourcecode.swift; path = AppDelegate.swift; sourceTree = "<group>"; };
		27FF364E1DA332C80009F989 /* ViewController.swift */ = {isa = PBXFileReference; lastKnownFileType = sourcecode.swift; path = ViewController.swift; sourceTree = "<group>"; };
		27FF36511DA332C80009F989 /* Base */ = {isa = PBXFileReference; lastKnownFileType = file.storyboard; name = Base; path = Base.lproj/Main.storyboard; sourceTree = "<group>"; };
		27FF36531DA332C80009F989 /* Assets.xcassets */ = {isa = PBXFileReference; lastKnownFileType = folder.assetcatalog; path = Assets.xcassets; sourceTree = "<group>"; };
		27FF36561DA332C80009F989 /* Base */ = {isa = PBXFileReference; lastKnownFileType = file.storyboard; name = Base; path = Base.lproj/LaunchScreen.storyboard; sourceTree = "<group>"; };
		27FF36581DA332C80009F989 /* Info.plist */ = {isa = PBXFileReference; lastKnownFileType = text.plist.xml; path = Info.plist; sourceTree = "<group>"; };
		27FF365E1DA3345F0009F989 /* NetworkController.swift */ = {isa = PBXFileReference; fileEncoding = 4; lastKnownFileType = sourcecode.swift; path = NetworkController.swift; sourceTree = "<group>"; };
		27FF36601DA33AD90009F989 /* Post.swift */ = {isa = PBXFileReference; fileEncoding = 4; lastKnownFileType = sourcecode.swift; path = Post.swift; sourceTree = "<group>"; };
		27FF36621DA33C9B0009F989 /* PostController.swift */ = {isa = PBXFileReference; fileEncoding = 4; lastKnownFileType = sourcecode.swift; path = PostController.swift; sourceTree = "<group>"; };
/* End PBXFileReference section */

/* Begin PBXFrameworksBuildPhase section */
		27FF36461DA332C80009F989 /* Frameworks */ = {
			isa = PBXFrameworksBuildPhase;
			buildActionMask = 2147483647;
			files = (
			);
			runOnlyForDeploymentPostprocessing = 0;
		};
/* End PBXFrameworksBuildPhase section */

/* Begin PBXGroup section */
		27FF36401DA332C80009F989 = {
			isa = PBXGroup;
			children = (
				27FF364B1DA332C80009F989 /* Networking */,
				27FF364A1DA332C80009F989 /* Products */,
			);
			sourceTree = "<group>";
		};
		27FF364A1DA332C80009F989 /* Products */ = {
			isa = PBXGroup;
			children = (
				27FF36491DA332C80009F989 /* Networking.app */,
			);
			name = Products;
			sourceTree = "<group>";
		};
		27FF364B1DA332C80009F989 /* Networking */ = {
			isa = PBXGroup;
			children = (
				27FF364C1DA332C80009F989 /* AppDelegate.swift */,
				27FF364E1DA332C80009F989 /* ViewController.swift */,
				27FF365E1DA3345F0009F989 /* NetworkController.swift */,
				27FF36621DA33C9B0009F989 /* PostController.swift */,
				27FF36601DA33AD90009F989 /* Post.swift */,
				27FF36501DA332C80009F989 /* Main.storyboard */,
				27FF36531DA332C80009F989 /* Assets.xcassets */,
				27FF36551DA332C80009F989 /* LaunchScreen.storyboard */,
				27FF36581DA332C80009F989 /* Info.plist */,
			);
			path = Networking;
			sourceTree = "<group>";
		};
/* End PBXGroup section */

/* Begin PBXNativeTarget section */
		27FF36481DA332C80009F989 /* Networking */ = {
			isa = PBXNativeTarget;
			buildConfigurationList = 27FF365B1DA332C80009F989 /* Build configuration list for PBXNativeTarget "Networking" */;
			buildPhases = (
				27FF36451DA332C80009F989 /* Sources */,
				27FF36461DA332C80009F989 /* Frameworks */,
				27FF36471DA332C80009F989 /* Resources */,
			);
			buildRules = (
			);
			dependencies = (
			);
			name = Networking;
			productName = Networking;
			productReference = 27FF36491DA332C80009F989 /* Networking.app */;
			productType = "com.apple.product-type.application";
		};
/* End PBXNativeTarget section */

/* Begin PBXProject section */
		27FF36411DA332C80009F989 /* Project object */ = {
			isa = PBXProject;
			attributes = {
				LastSwiftUpdateCheck = 0730;
				LastUpgradeCheck = 0730;
				ORGANIZATIONNAME = "Ethan Hess";
				TargetAttributes = {
					27FF36481DA332C80009F989 = {
						CreatedOnToolsVersion = 7.3;
					};
				};
			};
			buildConfigurationList = 27FF36441DA332C80009F989 /* Build configuration list for PBXProject "Networking" */;
			compatibilityVersion = "Xcode 3.2";
			developmentRegion = English;
			hasScannedForEncodings = 0;
			knownRegions = (
				en,
				Base,
			);
			mainGroup = 27FF36401DA332C80009F989;
			productRefGroup = 27FF364A1DA332C80009F989 /* Products */;
			projectDirPath = "";
			projectRoot = "";
			targets = (
				27FF36481DA332C80009F989 /* Networking */,
			);
		};
/* End PBXProject section */

/* Begin PBXResourcesBuildPhase section */
		27FF36471DA332C80009F989 /* Resources */ = {
			isa = PBXResourcesBuildPhase;
			buildActionMask = 2147483647;
			files = (
				27FF36571DA332C80009F989 /* LaunchScreen.storyboard in Resources */,
				27FF36541DA332C80009F989 /* Assets.xcassets in Resources */,
				27FF36521DA332C80009F989 /* Main.storyboard in Resources */,
			);
			runOnlyForDeploymentPostprocessing = 0;
		};
/* End PBXResourcesBuildPhase section */

/* Begin PBXSourcesBuildPhase section */
		27FF36451DA332C80009F989 /* Sources */ = {
			isa = PBXSourcesBuildPhase;
			buildActionMask = 2147483647;
			files = (
				27FF36631DA33C9B0009F989 /* PostController.swift in Sources */,
				27FF364F1DA332C80009F989 /* ViewController.swift in Sources */,
				27FF364D1DA332C80009F989 /* AppDelegate.swift in Sources */,
				27FF365F1DA3345F0009F989 /* NetworkController.swift in Sources */,
				27FF36611DA33AD90009F989 /* Post.swift in Sources */,
			);
			runOnlyForDeploymentPostprocessing = 0;
		};
/* End PBXSourcesBuildPhase section */

/* Begin PBXVariantGroup section */
		27FF36501DA332C80009F989 /* Main.storyboard */ = {
			isa = PBXVariantGroup;
			children = (
				27FF36511DA332C80009F989 /* Base */,
			);
			name = Main.storyboard;
			sourceTree = "<group>";
		};
		27FF36551DA332C80009F989 /* LaunchScreen.storyboard */ = {
			isa = PBXVariantGroup;
			children = (
				27FF36561DA332C80009F989 /* Base */,
			);
			name = LaunchScreen.storyboard;
			sourceTree = "<group>";
		};
/* End PBXVariantGroup section */

/* Begin XCBuildConfiguration section */
		27FF36591DA332C80009F989 /* Debug */ = {
			isa = XCBuildConfiguration;
			buildSettings = {
				ALWAYS_SEARCH_USER_PATHS = NO;
				CLANG_ANALYZER_NONNULL = YES;
				CLANG_CXX_LANGUAGE_STANDARD = "gnu++0x";
				CLANG_CXX_LIBRARY = "libc++";
				CLANG_ENABLE_MODULES = YES;
				CLANG_ENABLE_OBJC_ARC = YES;
				CLANG_WARN_BOOL_CONVERSION = YES;
				CLANG_WARN_CONSTANT_CONVERSION = YES;
				CLANG_WARN_DIRECT_OBJC_ISA_USAGE = YES_ERROR;
				CLANG_WARN_EMPTY_BODY = YES;
				CLANG_WARN_ENUM_CONVERSION = YES;
				CLANG_WARN_INT_CONVERSION = YES;
				CLANG_WARN_OBJC_ROOT_CLASS = YES_ERROR;
				CLANG_WARN_UNREACHABLE_CODE = YES;
				CLANG_WARN__DUPLICATE_METHOD_MATCH = YES;
				"CODE_SIGN_IDENTITY[sdk=iphoneos*]" = "iPhone Developer";
				COPY_PHASE_STRIP = NO;
				DEBUG_INFORMATION_FORMAT = dwarf;
				ENABLE_STRICT_OBJC_MSGSEND = YES;
				ENABLE_TESTABILITY = YES;
				GCC_C_LANGUAGE_STANDARD = gnu99;
				GCC_DYNAMIC_NO_PIC = NO;
				GCC_NO_COMMON_BLOCKS = YES;
				GCC_OPTIMIZATION_LEVEL = 0;
				GCC_PREPROCESSOR_DEFINITIONS = (
					"DEBUG=1",
					"$(inherited)",
				);
				GCC_WARN_64_TO_32_BIT_CONVERSION = YES;
				GCC_WARN_ABOUT_RETURN_TYPE = YES_ERROR;
				GCC_WARN_UNDECLARED_SELECTOR = YES;
				GCC_WARN_UNINITIALIZED_AUTOS = YES_AGGRESSIVE;
				GCC_WARN_UNUSED_FUNCTION = YES;
				GCC_WARN_UNUSED_VARIABLE = YES;
				IPHONEOS_DEPLOYMENT_TARGET = 9.3;
				MTL_ENABLE_DEBUG_INFO = YES;
				ONLY_ACTIVE_ARCH = YES;
				SDKROOT = iphoneos;
				SWIFT_OPTIMIZATION_LEVEL = "-Onone";
			};
			name = Debug;
		};
		27FF365A1DA332C80009F989 /* Release */ = {
			isa = XCBuildConfiguration;
			buildSettings = {
				ALWAYS_SEARCH_USER_PATHS = NO;
				CLANG_ANALYZER_NONNULL = YES;
				CLANG_CXX_LANGUAGE_STANDARD = "gnu++0x";
				CLANG_CXX_LIBRARY = "libc++";
				CLANG_ENABLE_MODULES = YES;
				CLANG_ENABLE_OBJC_ARC = YES;
				CLANG_WARN_BOOL_CONVERSION = YES;
				CLANG_WARN_CONSTANT_CONVERSION = YES;
				CLANG_WARN_DIRECT_OBJC_ISA_USAGE = YES_ERROR;
				CLANG_WARN_EMPTY_BODY = YES;
				CLANG_WARN_ENUM_CONVERSION = YES;
				CLANG_WARN_INT_CONVERSION = YES;
				CLANG_WARN_OBJC_ROOT_CLASS = YES_ERROR;
				CLANG_WARN_UNREACHABLE_CODE = YES;
				CLANG_WARN__DUPLICATE_METHOD_MATCH = YES;
				"CODE_SIGN_IDENTITY[sdk=iphoneos*]" = "iPhone Developer";
				COPY_PHASE_STRIP = NO;
				DEBUG_INFORMATION_FORMAT = "dwarf-with-dsym";
				ENABLE_NS_ASSERTIONS = NO;
				ENABLE_STRICT_OBJC_MSGSEND = YES;
				GCC_C_LANGUAGE_STANDARD = gnu99;
				GCC_NO_COMMON_BLOCKS = YES;
				GCC_WARN_64_TO_32_BIT_CONVERSION = YES;
				GCC_WARN_ABOUT_RETURN_TYPE = YES_ERROR;
				GCC_WARN_UNDECLARED_SELECTOR = YES;
				GCC_WARN_UNINITIALIZED_AUTOS = YES_AGGRESSIVE;
				GCC_WARN_UNUSED_FUNCTION = YES;
				GCC_WARN_UNUSED_VARIABLE = YES;
				IPHONEOS_DEPLOYMENT_TARGET = 9.3;
				MTL_ENABLE_DEBUG_INFO = NO;
				SDKROOT = iphoneos;
				VALIDATE_PRODUCT = YES;
			};
			name = Release;
		};
		27FF365C1DA332C80009F989 /* Debug */ = {
			isa = XCBuildConfiguration;
			buildSettings = {
				ASSETCATALOG_COMPILER_APPICON_NAME = AppIcon;
				INFOPLIST_FILE = Networking/Info.plist;
				LD_RUNPATH_SEARCH_PATHS = "$(inherited) @executable_path/Frameworks";
				PRODUCT_BUNDLE_IDENTIFIER = com.devmountain.Networking;
				PRODUCT_NAME = "$(TARGET_NAME)";
			};
			name = Debug;
		};
		27FF365D1DA332C80009F989 /* Release */ = {
			isa = XCBuildConfiguration;
			buildSettings = {
				ASSETCATALOG_COMPILER_APPICON_NAME = AppIcon;
				INFOPLIST_FILE = Networking/Info.plist;
				LD_RUNPATH_SEARCH_PATHS = "$(inherited) @executable_path/Frameworks";
				PRODUCT_BUNDLE_IDENTIFIER = com.devmountain.Networking;
				PRODUCT_NAME = "$(TARGET_NAME)";
			};
			name = Release;
		};
/* End XCBuildConfiguration section */

/* Begin XCConfigurationList section */
		27FF36441DA332C80009F989 /* Build configuration list for PBXProject "Networking" */ = {
			isa = XCConfigurationList;
			buildConfigurations = (
				27FF36591DA332C80009F989 /* Debug */,
				27FF365A1DA332C80009F989 /* Release */,
			);
			defaultConfigurationIsVisible = 0;
			defaultConfigurationName = Release;
		};
		27FF365B1DA332C80009F989 /* Build configuration list for PBXNativeTarget "Networking" */ = {
			isa = XCConfigurationList;
			buildConfigurations = (
				27FF365C1DA332C80009F989 /* Debug */,
				27FF365D1DA332C80009F989 /* Release */,
			);
			defaultConfigurationIsVisible = 0;
			defaultConfigurationName = Release;
		};
/* End XCConfigurationList section */
	};
	rootObject = 27FF36411DA332C80009F989 /* Project object */;
}
